// !$*UTF8*$!
{
	archiveVersion = 1;
	classes = {
	};
	objectVersion = 50;
	objects = {

/* Begin PBXBuildFile section */
		0632664923AAC189000D0F7F /* AppDelegate.swift in Sources */ = {isa = PBXBuildFile; fileRef = 0632664823AAC189000D0F7F /* AppDelegate.swift */; };
		0632664B23AAC189000D0F7F /* SceneDelegate.swift in Sources */ = {isa = PBXBuildFile; fileRef = 0632664A23AAC189000D0F7F /* SceneDelegate.swift */; };
		0632664D23AAC18A000D0F7F /* ViewController.swift in Sources */ = {isa = PBXBuildFile; fileRef = 0632664C23AAC189000D0F7F /* ViewController.swift */; };
		0632665023AAC18A000D0F7F /* Main.storyboard in Resources */ = {isa = PBXBuildFile; fileRef = 0632664E23AAC18A000D0F7F /* Main.storyboard */; };
		0632665223AAC18D000D0F7F /* Assets.xcassets in Resources */ = {isa = PBXBuildFile; fileRef = 0632665123AAC18D000D0F7F /* Assets.xcassets */; };
		0632665523AAC18D000D0F7F /* LaunchScreen.storyboard in Resources */ = {isa = PBXBuildFile; fileRef = 0632665323AAC18D000D0F7F /* LaunchScreen.storyboard */; };
		0632667323AAE78F000D0F7F /* Nunito-Black.ttf in Resources */ = {isa = PBXBuildFile; fileRef = 0632666523AAE78C000D0F7F /* Nunito-Black.ttf */; };
		0632667623AAE78F000D0F7F /* Nunito-SemiBold.ttf in Resources */ = {isa = PBXBuildFile; fileRef = 0632666823AAE78D000D0F7F /* Nunito-SemiBold.ttf */; };
		0632667723AAE78F000D0F7F /* Nunito-Bold.ttf in Resources */ = {isa = PBXBuildFile; fileRef = 0632666923AAE78D000D0F7F /* Nunito-Bold.ttf */; };
		0632667923AAE78F000D0F7F /* Nunito-ExtraBold.ttf in Resources */ = {isa = PBXBuildFile; fileRef = 0632666B23AAE78D000D0F7F /* Nunito-ExtraBold.ttf */; };
		0632667B23AAE78F000D0F7F /* Nunito-Italic.ttf in Resources */ = {isa = PBXBuildFile; fileRef = 0632666D23AAE78E000D0F7F /* Nunito-Italic.ttf */; };
		0632667C23AAE78F000D0F7F /* Nunito-SemiBoldItalic.ttf in Resources */ = {isa = PBXBuildFile; fileRef = 0632666E23AAE78E000D0F7F /* Nunito-SemiBoldItalic.ttf */; };
		0632667D23AAE78F000D0F7F /* Nunito-Regular.ttf in Resources */ = {isa = PBXBuildFile; fileRef = 0632666F23AAE78E000D0F7F /* Nunito-Regular.ttf */; };
		0632668223AAE92C000D0F7F /* PaytoneOne.ttf in Resources */ = {isa = PBXBuildFile; fileRef = 0632668123AAE92B000D0F7F /* PaytoneOne.ttf */; };
		0632668523AAF4A1000D0F7F /* IntrestCell.xib in Resources */ = {isa = PBXBuildFile; fileRef = 0632668423AAF4A1000D0F7F /* IntrestCell.xib */; };
		0632668723AAF4E8000D0F7F /* IntrestCell.swift in Sources */ = {isa = PBXBuildFile; fileRef = 0632668623AAF4E8000D0F7F /* IntrestCell.swift */; };
		067C672D23AB59C3009DC24F /* Information.json in Resources */ = {isa = PBXBuildFile; fileRef = 067C672C23AB59C3009DC24F /* Information.json */; };
		067C672F23AB59F9009DC24F /* UserInformation.swift in Sources */ = {isa = PBXBuildFile; fileRef = 067C672E23AB59F9009DC24F /* UserInformation.swift */; };
		067C673223AB6058009DC24F /* Helper.swift in Sources */ = {isa = PBXBuildFile; fileRef = 067C673123AB6058009DC24F /* Helper.swift */; };
		76521C792C767720F80010B2 /* Pods_Dating_App.framework in Frameworks */ = {isa = PBXBuildFile; fileRef = B09BDF73E34C95EB50557B55 /* Pods_Dating_App.framework */; };
/* End PBXBuildFile section */

/* Begin PBXFileReference section */
		0632664523AAC189000D0F7F /* Dating App.app */ = {isa = PBXFileReference; explicitFileType = wrapper.application; includeInIndex = 0; path = "Dating App.app"; sourceTree = BUILT_PRODUCTS_DIR; };
		0632664823AAC189000D0F7F /* AppDelegate.swift */ = {isa = PBXFileReference; lastKnownFileType = sourcecode.swift; path = AppDelegate.swift; sourceTree = "<group>"; };
		0632664A23AAC189000D0F7F /* SceneDelegate.swift */ = {isa = PBXFileReference; lastKnownFileType = sourcecode.swift; path = SceneDelegate.swift; sourceTree = "<group>"; };
		0632664C23AAC189000D0F7F /* ViewController.swift */ = {isa = PBXFileReference; lastKnownFileType = sourcecode.swift; path = ViewController.swift; sourceTree = "<group>"; };
		0632664F23AAC18A000D0F7F /* Base */ = {isa = PBXFileReference; lastKnownFileType = file.storyboard; name = Base; path = Base.lproj/Main.storyboard; sourceTree = "<group>"; };
		0632665123AAC18D000D0F7F /* Assets.xcassets */ = {isa = PBXFileReference; lastKnownFileType = folder.assetcatalog; path = Assets.xcassets; sourceTree = "<group>"; };
		0632665423AAC18D000D0F7F /* Base */ = {isa = PBXFileReference; lastKnownFileType = file.storyboard; name = Base; path = Base.lproj/LaunchScreen.storyboard; sourceTree = "<group>"; };
		0632665623AAC18D000D0F7F /* Info.plist */ = {isa = PBXFileReference; lastKnownFileType = text.plist.xml; path = Info.plist; sourceTree = "<group>"; };
		0632666523AAE78C000D0F7F /* Nunito-Black.ttf */ = {isa = PBXFileReference; lastKnownFileType = file; path = "Nunito-Black.ttf"; sourceTree = "<group>"; };
		0632666823AAE78D000D0F7F /* Nunito-SemiBold.ttf */ = {isa = PBXFileReference; lastKnownFileType = file; path = "Nunito-SemiBold.ttf"; sourceTree = "<group>"; };
		0632666923AAE78D000D0F7F /* Nunito-Bold.ttf */ = {isa = PBXFileReference; lastKnownFileType = file; path = "Nunito-Bold.ttf"; sourceTree = "<group>"; };
		0632666B23AAE78D000D0F7F /* Nunito-ExtraBold.ttf */ = {isa = PBXFileReference; lastKnownFileType = file; path = "Nunito-ExtraBold.ttf"; sourceTree = "<group>"; };
		0632666D23AAE78E000D0F7F /* Nunito-Italic.ttf */ = {isa = PBXFileReference; lastKnownFileType = file; path = "Nunito-Italic.ttf"; sourceTree = "<group>"; };
		0632666E23AAE78E000D0F7F /* Nunito-SemiBoldItalic.ttf */ = {isa = PBXFileReference; lastKnownFileType = file; path = "Nunito-SemiBoldItalic.ttf"; sourceTree = "<group>"; };
		0632666F23AAE78E000D0F7F /* Nunito-Regular.ttf */ = {isa = PBXFileReference; lastKnownFileType = file; path = "Nunito-Regular.ttf"; sourceTree = "<group>"; };
		0632668023AAE872000D0F7F /* firasanscondensed-regular.otf */ = {isa = PBXFileReference; lastKnownFileType = file; path = "firasanscondensed-regular.otf"; sourceTree = "<group>"; };
		0632668123AAE92B000D0F7F /* PaytoneOne.ttf */ = {isa = PBXFileReference; lastKnownFileType = file; path = PaytoneOne.ttf; sourceTree = "<group>"; };
		0632668423AAF4A1000D0F7F /* IntrestCell.xib */ = {isa = PBXFileReference; lastKnownFileType = file.xib; path = IntrestCell.xib; sourceTree = "<group>"; };
		0632668623AAF4E8000D0F7F /* IntrestCell.swift */ = {isa = PBXFileReference; lastKnownFileType = sourcecode.swift; path = IntrestCell.swift; sourceTree = "<group>"; };
		067C672C23AB59C3009DC24F /* Information.json */ = {isa = PBXFileReference; fileEncoding = 4; lastKnownFileType = text.json; path = Information.json; sourceTree = "<group>"; };
		067C672E23AB59F9009DC24F /* UserInformation.swift */ = {isa = PBXFileReference; lastKnownFileType = sourcecode.swift; path = UserInformation.swift; sourceTree = "<group>"; };
		067C673123AB6058009DC24F /* Helper.swift */ = {isa = PBXFileReference; lastKnownFileType = sourcecode.swift; path = Helper.swift; sourceTree = "<group>"; };
		067C673F23AB683B009DC24F /* DatingAppTests.m */ = {isa = PBXFileReference; lastKnownFileType = sourcecode.c.objc; path = DatingAppTests.m; sourceTree = "<group>"; };
		067C674123AB683B009DC24F /* Info.plist */ = {isa = PBXFileReference; lastKnownFileType = text.plist.xml; path = Info.plist; sourceTree = "<group>"; };
		156C4D34FB95B68CFCB8584F /* Pods-Dating App.release.xcconfig */ = {isa = PBXFileReference; includeInIndex = 1; lastKnownFileType = text.xcconfig; name = "Pods-Dating App.release.xcconfig"; path = "Target Support Files/Pods-Dating App/Pods-Dating App.release.xcconfig"; sourceTree = "<group>"; };
		1F2CDAF087178FD108AE6C3A /* Pods-Dating App.debug.xcconfig */ = {isa = PBXFileReference; includeInIndex = 1; lastKnownFileType = text.xcconfig; name = "Pods-Dating App.debug.xcconfig"; path = "Target Support Files/Pods-Dating App/Pods-Dating App.debug.xcconfig"; sourceTree = "<group>"; };
		B09BDF73E34C95EB50557B55 /* Pods_Dating_App.framework */ = {isa = PBXFileReference; explicitFileType = wrapper.framework; includeInIndex = 0; path = Pods_Dating_App.framework; sourceTree = BUILT_PRODUCTS_DIR; };
/* End PBXFileReference section */

/* Begin PBXFrameworksBuildPhase section */
		0632664223AAC189000D0F7F /* Frameworks */ = {
			isa = PBXFrameworksBuildPhase;
			buildActionMask = 2147483647;
			files = (
				76521C792C767720F80010B2 /* Pods_Dating_App.framework in Frameworks */,
			);
			runOnlyForDeploymentPostprocessing = 0;
		};
/* End PBXFrameworksBuildPhase section */

/* Begin PBXGroup section */
		0632663C23AAC189000D0F7F = {
			isa = PBXGroup;
			children = (
				0632664723AAC189000D0F7F /* Dating App */,
				067C673E23AB683B009DC24F /* DatingAppTests */,
				0632664623AAC189000D0F7F /* Products */,
				A537AED696A201641AD0D887 /* Pods */,
				D4B6DD7B1F972CFF651E4267 /* Frameworks */,
			);
			sourceTree = "<group>";
		};
		0632664623AAC189000D0F7F /* Products */ = {
			isa = PBXGroup;
			children = (
				0632664523AAC189000D0F7F /* Dating App.app */,
			);
			name = Products;
			sourceTree = "<group>";
		};
		0632664723AAC189000D0F7F /* Dating App */ = {
			isa = PBXGroup;
			children = (
				067C673023AB604B009DC24F /* Helper */,
				067C672B23AB59B5009DC24F /* JSON File */,
				0632666223AAC71A000D0F7F /* Supporting Files */,
				0632666123AAC70F000D0F7F /* LunchScreen */,
				0632666023AAC6F0000D0F7F /* AppDelegate */,
				0632665E23AAC6D4000D0F7F /* Controller */,
				0632665D23AAC6CE000D0F7F /* View */,
				0632665C23AAC6C6000D0F7F /* Model */,
			);
			path = "Dating App";
			sourceTree = "<group>";
		};
		0632665C23AAC6C6000D0F7F /* Model */ = {
			isa = PBXGroup;
			children = (
				067C672E23AB59F9009DC24F /* UserInformation.swift */,
			);
			name = Model;
			sourceTree = "<group>";
		};
		0632665D23AAC6CE000D0F7F /* View */ = {
			isa = PBXGroup;
			children = (
				0632665F23AAC6E4000D0F7F /* Main */,
			);
			name = View;
			sourceTree = "<group>";
		};
		0632665E23AAC6D4000D0F7F /* Controller */ = {
			isa = PBXGroup;
			children = (
				0632668323AAF486000D0F7F /* CollectionCell */,
				0632664C23AAC189000D0F7F /* ViewController.swift */,
			);
			name = Controller;
			sourceTree = "<group>";
		};
		0632665F23AAC6E4000D0F7F /* Main */ = {
			isa = PBXGroup;
			children = (
				0632664E23AAC18A000D0F7F /* Main.storyboard */,
			);
			name = Main;
			sourceTree = "<group>";
		};
		0632666023AAC6F0000D0F7F /* AppDelegate */ = {
			isa = PBXGroup;
			children = (
				0632664A23AAC189000D0F7F /* SceneDelegate.swift */,
				0632664823AAC189000D0F7F /* AppDelegate.swift */,
			);
			name = AppDelegate;
			sourceTree = "<group>";
		};
		0632666123AAC70F000D0F7F /* LunchScreen */ = {
			isa = PBXGroup;
			children = (
				0632665323AAC18D000D0F7F /* LaunchScreen.storyboard */,
			);
			name = LunchScreen;
			sourceTree = "<group>";
		};
		0632666223AAC71A000D0F7F /* Supporting Files */ = {
			isa = PBXGroup;
			children = (
				0632666323AAE776000D0F7F /* Fonts */,
				0632665123AAC18D000D0F7F /* Assets.xcassets */,
				0632665623AAC18D000D0F7F /* Info.plist */,
			);
			name = "Supporting Files";
			sourceTree = "<group>";
		};
		0632666323AAE776000D0F7F /* Fonts */ = {
			isa = PBXGroup;
			children = (
				0632668023AAE872000D0F7F /* firasanscondensed-regular.otf */,
				0632666523AAE78C000D0F7F /* Nunito-Black.ttf */,
				0632666923AAE78D000D0F7F /* Nunito-Bold.ttf */,
				0632666B23AAE78D000D0F7F /* Nunito-ExtraBold.ttf */,
				0632666D23AAE78E000D0F7F /* Nunito-Italic.ttf */,
				0632668123AAE92B000D0F7F /* PaytoneOne.ttf */,
				0632666F23AAE78E000D0F7F /* Nunito-Regular.ttf */,
				0632666823AAE78D000D0F7F /* Nunito-SemiBold.ttf */,
				0632666E23AAE78E000D0F7F /* Nunito-SemiBoldItalic.ttf */,
			);
			name = Fonts;
			sourceTree = "<group>";
		};
		0632668323AAF486000D0F7F /* CollectionCell */ = {
			isa = PBXGroup;
			children = (
				0632668423AAF4A1000D0F7F /* IntrestCell.xib */,
				0632668623AAF4E8000D0F7F /* IntrestCell.swift */,
			);
			name = CollectionCell;
			sourceTree = "<group>";
		};
		067C672B23AB59B5009DC24F /* JSON File */ = {
			isa = PBXGroup;
			children = (
				067C672C23AB59C3009DC24F /* Information.json */,
			);
			name = "JSON File";
			sourceTree = "<group>";
		};
		067C673023AB604B009DC24F /* Helper */ = {
			isa = PBXGroup;
			children = (
				067C673123AB6058009DC24F /* Helper.swift */,
			);
			name = Helper;
			sourceTree = "<group>";
		};
		067C673E23AB683B009DC24F /* DatingAppTests */ = {
			isa = PBXGroup;
			children = (
				067C673F23AB683B009DC24F /* DatingAppTests.m */,
				067C674123AB683B009DC24F /* Info.plist */,
			);
			path = DatingAppTests;
			sourceTree = "<group>";
		};
		A537AED696A201641AD0D887 /* Pods */ = {
			isa = PBXGroup;
			children = (
				1F2CDAF087178FD108AE6C3A /* Pods-Dating App.debug.xcconfig */,
				156C4D34FB95B68CFCB8584F /* Pods-Dating App.release.xcconfig */,
			);
			path = Pods;
			sourceTree = "<group>";
		};
		D4B6DD7B1F972CFF651E4267 /* Frameworks */ = {
			isa = PBXGroup;
			children = (
				B09BDF73E34C95EB50557B55 /* Pods_Dating_App.framework */,
			);
			name = Frameworks;
			sourceTree = "<group>";
		};
/* End PBXGroup section */

/* Begin PBXNativeTarget section */
		0632664423AAC189000D0F7F /* Dating App */ = {
			isa = PBXNativeTarget;
			buildConfigurationList = 0632665923AAC18D000D0F7F /* Build configuration list for PBXNativeTarget "Dating App" */;
			buildPhases = (
				495E9A342452587EC7EFF3D2 /* [CP] Check Pods Manifest.lock */,
				0632664123AAC189000D0F7F /* Sources */,
				0632664223AAC189000D0F7F /* Frameworks */,
				0632664323AAC189000D0F7F /* Resources */,
			);
			buildRules = (
			);
			dependencies = (
			);
			name = "Dating App";
			productName = "Dating App";
			productReference = 0632664523AAC189000D0F7F /* Dating App.app */;
			productType = "com.apple.product-type.application";
		};
/* End PBXNativeTarget section */

/* Begin PBXProject section */
		0632663D23AAC189000D0F7F /* Project object */ = {
			isa = PBXProject;
			attributes = {
				LastSwiftUpdateCheck = 1120;
				LastUpgradeCheck = 1120;
				ORGANIZATIONNAME = "Ahmad Alawneh";
				TargetAttributes = {
					0632664423AAC189000D0F7F = {
						CreatedOnToolsVersion = 11.2.1;
					};
				};
			};
			buildConfigurationList = 0632664023AAC189000D0F7F /* Build configuration list for PBXProject "Dating App" */;
			compatibilityVersion = "Xcode 9.3";
			developmentRegion = en;
			hasScannedForEncodings = 0;
			knownRegions = (
				en,
				Base,
			);
			mainGroup = 0632663C23AAC189000D0F7F;
			productRefGroup = 0632664623AAC189000D0F7F /* Products */;
			projectDirPath = "";
			projectRoot = "";
			targets = (
				0632664423AAC189000D0F7F /* Dating App */,
			);
		};
/* End PBXProject section */

/* Begin PBXResourcesBuildPhase section */
		0632664323AAC189000D0F7F /* Resources */ = {
			isa = PBXResourcesBuildPhase;
			buildActionMask = 2147483647;
			files = (
				0632667D23AAE78F000D0F7F /* Nunito-Regular.ttf in Resources */,
				0632668523AAF4A1000D0F7F /* IntrestCell.xib in Resources */,
				0632667923AAE78F000D0F7F /* Nunito-ExtraBold.ttf in Resources */,
				0632668223AAE92C000D0F7F /* PaytoneOne.ttf in Resources */,
				0632667623AAE78F000D0F7F /* Nunito-SemiBold.ttf in Resources */,
				0632665523AAC18D000D0F7F /* LaunchScreen.storyboard in Resources */,
				067C672D23AB59C3009DC24F /* Information.json in Resources */,
				0632667323AAE78F000D0F7F /* Nunito-Black.ttf in Resources */,
				0632667B23AAE78F000D0F7F /* Nunito-Italic.ttf in Resources */,
				0632667723AAE78F000D0F7F /* Nunito-Bold.ttf in Resources */,
				0632667C23AAE78F000D0F7F /* Nunito-SemiBoldItalic.ttf in Resources */,
				0632665223AAC18D000D0F7F /* Assets.xcassets in Resources */,
				0632665023AAC18A000D0F7F /* Main.storyboard in Resources */,
			);
			runOnlyForDeploymentPostprocessing = 0;
		};
/* End PBXResourcesBuildPhase section */

/* Begin PBXShellScriptBuildPhase section */
		495E9A342452587EC7EFF3D2 /* [CP] Check Pods Manifest.lock */ = {
			isa = PBXShellScriptBuildPhase;
			buildActionMask = 2147483647;
			files = (
			);
			inputFileListPaths = (
			);
			inputPaths = (
				"${PODS_PODFILE_DIR_PATH}/Podfile.lock",
				"${PODS_ROOT}/Manifest.lock",
			);
			name = "[CP] Check Pods Manifest.lock";
			outputFileListPaths = (
			);
			outputPaths = (
				"$(DERIVED_FILE_DIR)/Pods-Dating App-checkManifestLockResult.txt",
			);
			runOnlyForDeploymentPostprocessing = 0;
			shellPath = /bin/sh;
			shellScript = "diff \"${PODS_PODFILE_DIR_PATH}/Podfile.lock\" \"${PODS_ROOT}/Manifest.lock\" > /dev/null\nif [ $? != 0 ] ; then\n    # print error to STDERR\n    echo \"error: The sandbox is not in sync with the Podfile.lock. Run 'pod install' or update your CocoaPods installation.\" >&2\n    exit 1\nfi\n# This output is used by Xcode 'outputs' to avoid re-running this script phase.\necho \"SUCCESS\" > \"${SCRIPT_OUTPUT_FILE_0}\"\n";
			showEnvVarsInLog = 0;
		};
/* End PBXShellScriptBuildPhase section */

/* Begin PBXSourcesBuildPhase section */
		0632664123AAC189000D0F7F /* Sources */ = {
			isa = PBXSourcesBuildPhase;
			buildActionMask = 2147483647;
			files = (
				067C672F23AB59F9009DC24F /* UserInformation.swift in Sources */,
				0632664D23AAC18A000D0F7F /* ViewController.swift in Sources */,
				0632668723AAF4E8000D0F7F /* IntrestCell.swift in Sources */,
				0632664923AAC189000D0F7F /* AppDelegate.swift in Sources */,
				0632664B23AAC189000D0F7F /* SceneDelegate.swift in Sources */,
				067C673223AB6058009DC24F /* Helper.swift in Sources */,
			);
			runOnlyForDeploymentPostprocessing = 0;
		};
/* End PBXSourcesBuildPhase section */

/* Begin PBXVariantGroup section */
		0632664E23AAC18A000D0F7F /* Main.storyboard */ = {
			isa = PBXVariantGroup;
			children = (
				0632664F23AAC18A000D0F7F /* Base */,
			);
			name = Main.storyboard;
			sourceTree = "<group>";
		};
		0632665323AAC18D000D0F7F /* LaunchScreen.storyboard */ = {
			isa = PBXVariantGroup;
			children = (
				0632665423AAC18D000D0F7F /* Base */,
			);
			name = LaunchScreen.storyboard;
			sourceTree = "<group>";
		};
/* End PBXVariantGroup section */

/* Begin XCBuildConfiguration section */
		0632665723AAC18D000D0F7F /* Debug */ = {
			isa = XCBuildConfiguration;
			buildSettings = {
				ALWAYS_SEARCH_USER_PATHS = NO;
				CLANG_ANALYZER_NONNULL = YES;
				CLANG_ANALYZER_NUMBER_OBJECT_CONVERSION = YES_AGGRESSIVE;
				CLANG_CXX_LANGUAGE_STANDARD = "gnu++14";
				CLANG_CXX_LIBRARY = "libc++";
				CLANG_ENABLE_MODULES = YES;
				CLANG_ENABLE_OBJC_ARC = YES;
				CLANG_ENABLE_OBJC_WEAK = YES;
				CLANG_WARN_BLOCK_CAPTURE_AUTORELEASING = YES;
				CLANG_WARN_BOOL_CONVERSION = YES;
				CLANG_WARN_COMMA = YES;
				CLANG_WARN_CONSTANT_CONVERSION = YES;
				CLANG_WARN_DEPRECATED_OBJC_IMPLEMENTATIONS = YES;
				CLANG_WARN_DIRECT_OBJC_ISA_USAGE = YES_ERROR;
				CLANG_WARN_DOCUMENTATION_COMMENTS = YES;
				CLANG_WARN_EMPTY_BODY = YES;
				CLANG_WARN_ENUM_CONVERSION = YES;
				CLANG_WARN_INFINITE_RECURSION = YES;
				CLANG_WARN_INT_CONVERSION = YES;
				CLANG_WARN_NON_LITERAL_NULL_CONVERSION = YES;
				CLANG_WARN_OBJC_IMPLICIT_RETAIN_SELF = YES;
				CLANG_WARN_OBJC_LITERAL_CONVERSION = YES;
				CLANG_WARN_OBJC_ROOT_CLASS = YES_ERROR;
				CLANG_WARN_RANGE_LOOP_ANALYSIS = YES;
				CLANG_WARN_STRICT_PROTOTYPES = YES;
				CLANG_WARN_SUSPICIOUS_MOVE = YES;
				CLANG_WARN_UNGUARDED_AVAILABILITY = YES_AGGRESSIVE;
				CLANG_WARN_UNREACHABLE_CODE = YES;
				CLANG_WARN__DUPLICATE_METHOD_MATCH = YES;
				COPY_PHASE_STRIP = NO;
				DEBUG_INFORMATION_FORMAT = dwarf;
				ENABLE_STRICT_OBJC_MSGSEND = YES;
				ENABLE_TESTABILITY = YES;
				GCC_C_LANGUAGE_STANDARD = gnu11;
				GCC_DYNAMIC_NO_PIC = NO;
				GCC_NO_COMMON_BLOCKS = YES;
				GCC_OPTIMIZATION_LEVEL = 0;
				GCC_PREPROCESSOR_DEFINITIONS = (
					"DEBUG=1",
					"$(inherited)",
				);
				GCC_WARN_64_TO_32_BIT_CONVERSION = YES;
				GCC_WARN_ABOUT_RETURN_TYPE = YES_ERROR;
				GCC_WARN_UNDECLARED_SELECTOR = YES;
				GCC_WARN_UNINITIALIZED_AUTOS = YES_AGGRESSIVE;
				GCC_WARN_UNUSED_FUNCTION = YES;
				GCC_WARN_UNUSED_VARIABLE = YES;
				IPHONEOS_DEPLOYMENT_TARGET = 13.2;
				MTL_ENABLE_DEBUG_INFO = INCLUDE_SOURCE;
				MTL_FAST_MATH = YES;
				ONLY_ACTIVE_ARCH = YES;
				SDKROOT = iphoneos;
				SWIFT_ACTIVE_COMPILATION_CONDITIONS = DEBUG;
				SWIFT_OPTIMIZATION_LEVEL = "-Onone";
			};
			name = Debug;
		};
		0632665823AAC18D000D0F7F /* Release */ = {
			isa = XCBuildConfiguration;
			buildSettings = {
				ALWAYS_SEARCH_USER_PATHS = NO;
				CLANG_ANALYZER_NONNULL = YES;
				CLANG_ANALYZER_NUMBER_OBJECT_CONVERSION = YES_AGGRESSIVE;
				CLANG_CXX_LANGUAGE_STANDARD = "gnu++14";
				CLANG_CXX_LIBRARY = "libc++";
				CLANG_ENABLE_MODULES = YES;
				CLANG_ENABLE_OBJC_ARC = YES;
				CLANG_ENABLE_OBJC_WEAK = YES;
				CLANG_WARN_BLOCK_CAPTURE_AUTORELEASING = YES;
				CLANG_WARN_BOOL_CONVERSION = YES;
				CLANG_WARN_COMMA = YES;
				CLANG_WARN_CONSTANT_CONVERSION = YES;
				CLANG_WARN_DEPRECATED_OBJC_IMPLEMENTATIONS = YES;
				CLANG_WARN_DIRECT_OBJC_ISA_USAGE = YES_ERROR;
				CLANG_WARN_DOCUMENTATION_COMMENTS = YES;
				CLANG_WARN_EMPTY_BODY = YES;
				CLANG_WARN_ENUM_CONVERSION = YES;
				CLANG_WARN_INFINITE_RECURSION = YES;
				CLANG_WARN_INT_CONVERSION = YES;
				CLANG_WARN_NON_LITERAL_NULL_CONVERSION = YES;
				CLANG_WARN_OBJC_IMPLICIT_RETAIN_SELF = YES;
				CLANG_WARN_OBJC_LITERAL_CONVERSION = YES;
				CLANG_WARN_OBJC_ROOT_CLASS = YES_ERROR;
				CLANG_WARN_RANGE_LOOP_ANALYSIS = YES;
				CLANG_WARN_STRICT_PROTOTYPES = YES;
				CLANG_WARN_SUSPICIOUS_MOVE = YES;
				CLANG_WARN_UNGUARDED_AVAILABILITY = YES_AGGRESSIVE;
				CLANG_WARN_UNREACHABLE_CODE = YES;
				CLANG_WARN__DUPLICATE_METHOD_MATCH = YES;
				COPY_PHASE_STRIP = NO;
				DEBUG_INFORMATION_FORMAT = "dwarf-with-dsym";
				ENABLE_NS_ASSERTIONS = NO;
				ENABLE_STRICT_OBJC_MSGSEND = YES;
				GCC_C_LANGUAGE_STANDARD = gnu11;
				GCC_NO_COMMON_BLOCKS = YES;
				GCC_WARN_64_TO_32_BIT_CONVERSION = YES;
				GCC_WARN_ABOUT_RETURN_TYPE = YES_ERROR;
				GCC_WARN_UNDECLARED_SELECTOR = YES;
				GCC_WARN_UNINITIALIZED_AUTOS = YES_AGGRESSIVE;
				GCC_WARN_UNUSED_FUNCTION = YES;
				GCC_WARN_UNUSED_VARIABLE = YES;
				IPHONEOS_DEPLOYMENT_TARGET = 13.2;
				MTL_ENABLE_DEBUG_INFO = NO;
				MTL_FAST_MATH = YES;
				SDKROOT = iphoneos;
				SWIFT_COMPILATION_MODE = wholemodule;
				SWIFT_OPTIMIZATION_LEVEL = "-O";
				VALIDATE_PRODUCT = YES;
			};
			name = Release;
		};
		0632665A23AAC18D000D0F7F /* Debug */ = {
			isa = XCBuildConfiguration;
			baseConfigurationReference = 1F2CDAF087178FD108AE6C3A /* Pods-Dating App.debug.xcconfig */;
			buildSettings = {
				ASSETCATALOG_COMPILER_APPICON_NAME = AppIcon;
				CODE_SIGN_STYLE = Automatic;
				DEVELOPMENT_TEAM = 245NYD8AX5;
				INFOPLIST_FILE = "Dating App/Info.plist";
				LD_RUNPATH_SEARCH_PATHS = (
					"$(inherited)",
					"@executable_path/Frameworks",
				);
				PRODUCT_BUNDLE_IDENTIFIER = "com.alawneh.Dating-Appj";
				PRODUCT_NAME = "$(TARGET_NAME)";
				SWIFT_VERSION = 5.0;
				TARGETED_DEVICE_FAMILY = 1;
			};
			name = Debug;
		};
		0632665B23AAC18D000D0F7F /* Release */ = {
			isa = XCBuildConfiguration;
			baseConfigurationReference = 156C4D34FB95B68CFCB8584F /* Pods-Dating App.release.xcconfig */;
			buildSettings = {
				ASSETCATALOG_COMPILER_APPICON_NAME = AppIcon;
				CODE_SIGN_STYLE = Automatic;
				DEVELOPMENT_TEAM = 245NYD8AX5;
				INFOPLIST_FILE = "Dating App/Info.plist";
				LD_RUNPATH_SEARCH_PATHS = (
					"$(inherited)",
					"@executable_path/Frameworks",
				);
				PRODUCT_BUNDLE_IDENTIFIER = "com.alawneh.Dating-Appj";
				PRODUCT_NAME = "$(TARGET_NAME)";
				SWIFT_VERSION = 5.0;
				TARGETED_DEVICE_FAMILY = 1;
			};
			name = Release;
		};
/* End XCBuildConfiguration section */

/* Begin XCConfigurationList section */
		0632664023AAC189000D0F7F /* Build configuration list for PBXProject "Dating App" */ = {
			isa = XCConfigurationList;
			buildConfigurations = (
				0632665723AAC18D000D0F7F /* Debug */,
				0632665823AAC18D000D0F7F /* Release */,
			);
			defaultConfigurationIsVisible = 0;
			defaultConfigurationName = Release;
		};
		0632665923AAC18D000D0F7F /* Build configuration list for PBXNativeTarget "Dating App" */ = {
			isa = XCConfigurationList;
			buildConfigurations = (
				0632665A23AAC18D000D0F7F /* Debug */,
				0632665B23AAC18D000D0F7F /* Release */,
			);
			defaultConfigurationIsVisible = 0;
			defaultConfigurationName = Release;
		};
/* End XCConfigurationList section */
	};
	rootObject = 0632663D23AAC189000D0F7F /* Project object */;
}
